
Microsoft Visual Studio Solution File, Format Version 12.00
# Visual Studio Version 17
VisualStudioVersion = 17.3.32922.545
MinimumVisualStudioVersion = 10.0.40219.1
Project("{FAE04EC0-301F-11D3-BF4B-00C04F79EFBC}") = "Client", "Client\Client.csproj", "{6E31C2BC-4489-4D24-9DFF-FC11B647F00A}"
EndProject
Project("{FAE04EC0-301F-11D3-BF4B-00C04F79EFBC}") = "omsClıent1", "omsClıent1\omsClıent1.csproj", "{19A46008-5999-4264-801D-9A18E348DB90}"
EndProject
Global
	GlobalSection(SolutionConfigurationPlatforms) = preSolution
		Debug|Any CPU = Debug|Any CPU
		Release|Any CPU = Release|Any CPU
	EndGlobalSection
	GlobalSection(ProjectConfigurationPlatforms) = postSolution
		{6E31C2BC-4489-4D24-9DFF-FC11B647F00A}.Debug|Any CPU.ActiveCfg = Debug|Any CPU
		{6E31C2BC-4489-4D24-9DFF-FC11B647F00A}.Debug|Any CPU.Build.0 = Debug|Any CPU
		{6E31C2BC-4489-4D24-9DFF-FC11B647F00A}.Release|Any CPU.ActiveCfg = Release|Any CPU
		{6E31C2BC-4489-4D24-9DFF-FC11B647F00A}.Release|Any CPU.Build.0 = Release|Any CPU
		{19A46008-5999-4264-801D-9A18E348DB90}.Debug|Any CPU.ActiveCfg = Debug|Any CPU
		{19A46008-5999-4264-801D-9A18E348DB90}.Debug|Any CPU.Build.0 = Debug|Any CPU
		{19A46008-5999-4264-801D-9A18E348DB90}.Release|Any CPU.ActiveCfg = Release|Any CPU
		{19A46008-5999-4264-801D-9A18E348DB90}.Release|Any CPU.Build.0 = Release|Any CPU
	EndGlobalSection
	GlobalSection(SolutionProperties) = preSolution
		HideSolutionNode = FALSE
	EndGlobalSection
	GlobalSection(ExtensibilityGlobals) = postSolution
		SolutionGuid = {B0FF1B4D-253D-42E3-8C0B-9998A5E138F8}
	EndGlobalSection
EndGlobal
